
Microsoft Visual Studio Solution File, Format Version 12.00
# Visual Studio Version 16
VisualStudioVersion = 16.0.30204.135
MinimumVisualStudioVersion = 10.0.40219.1
Project("{FAE04EC0-301F-11D3-BF4B-00C04F79EFBC}") = "contactManager", "contactManager.csproj", "{41849F82-A24D-4429-BA09-5B59F89EA8E3}"
EndProject
Global
	GlobalSection(SolutionConfigurationPlatforms) = preSolution
		Debug|Any CPU = Debug|Any CPU
		Release|Any CPU = Release|Any CPU
	EndGlobalSection
	GlobalSection(ProjectConfigurationPlatforms) = postSolution
		{41849F82-A24D-4429-BA09-5B59F89EA8E3}.Debug|Any CPU.ActiveCfg = Debug|Any CPU
		{41849F82-A24D-4429-BA09-5B59F89EA8E3}.Debug|Any CPU.Build.0 = Debug|Any CPU
		{41849F82-A24D-4429-BA09-5B59F89EA8E3}.Release|Any CPU.ActiveCfg = Release|Any CPU
		{41849F82-A24D-4429-BA09-5B59F89EA8E3}.Release|Any CPU.Build.0 = Release|Any CPU
	EndGlobalSection
	GlobalSection(SolutionProperties) = preSolution
		HideSolutionNode = FALSE
	EndGlobalSection
	GlobalSection(ExtensibilityGlobals) = postSolution
		SolutionGuid = {DDCF9D64-B710-4E41-8AD4-9B8207296457}
	EndGlobalSection
EndGlobal
